
Microsoft Visual Studio Solution File, Format Version 12.00
# Visual Studio Version 17
VisualStudioVersion = 17.11.35312.102
MinimumVisualStudioVersion = 10.0.40219.1
Project("{9A19103F-16F7-4668-BE54-9A1E7A4F7556}") = "FlightTracker.API", "FlightTracker.API.csproj", "{73B541F3-B6F4-47ED-BD87-3D77E1907968}"
EndProject
Project("{9A19103F-16F7-4668-BE54-9A1E7A4F7556}") = "FlightTracker.Core", "..\FlightTracker.Core\FlightTracker.Core.csproj", "{0D736017-9074-4D43-ABB7-D4719D1F7747}"
EndProject
Project("{9A19103F-16F7-4668-BE54-9A1E7A4F7556}") = "FlightTracker.Infra", "..\FlightTracker.Infra\FlightTracker.Infra.csproj", "{8F33F2DC-2EDE-4FCD-B425-28F4DD8501CB}"
EndProject
Global
	GlobalSection(SolutionConfigurationPlatforms) = preSolution
		Debug|Any CPU = Debug|Any CPU
		Release|Any CPU = Release|Any CPU
	EndGlobalSection
	GlobalSection(ProjectConfigurationPlatforms) = postSolution
		{73B541F3-B6F4-47ED-BD87-3D77E1907968}.Debug|Any CPU.ActiveCfg = Debug|Any CPU
		{73B541F3-B6F4-47ED-BD87-3D77E1907968}.Debug|Any CPU.Build.0 = Debug|Any CPU
		{73B541F3-B6F4-47ED-BD87-3D77E1907968}.Release|Any CPU.ActiveCfg = Release|Any CPU
		{73B541F3-B6F4-47ED-BD87-3D77E1907968}.Release|Any CPU.Build.0 = Release|Any CPU
		{0D736017-9074-4D43-ABB7-D4719D1F7747}.Debug|Any CPU.ActiveCfg = Debug|Any CPU
		{0D736017-9074-4D43-ABB7-D4719D1F7747}.Debug|Any CPU.Build.0 = Debug|Any CPU
		{0D736017-9074-4D43-ABB7-D4719D1F7747}.Release|Any CPU.ActiveCfg = Release|Any CPU
		{0D736017-9074-4D43-ABB7-D4719D1F7747}.Release|Any CPU.Build.0 = Release|Any CPU
		{8F33F2DC-2EDE-4FCD-B425-28F4DD8501CB}.Debug|Any CPU.ActiveCfg = Debug|Any CPU
		{8F33F2DC-2EDE-4FCD-B425-28F4DD8501CB}.Debug|Any CPU.Build.0 = Debug|Any CPU
		{8F33F2DC-2EDE-4FCD-B425-28F4DD8501CB}.Release|Any CPU.ActiveCfg = Release|Any CPU
		{8F33F2DC-2EDE-4FCD-B425-28F4DD8501CB}.Release|Any CPU.Build.0 = Release|Any CPU
	EndGlobalSection
	GlobalSection(SolutionProperties) = preSolution
		HideSolutionNode = FALSE
	EndGlobalSection
	GlobalSection(ExtensibilityGlobals) = postSolution
		SolutionGuid = {56207066-A9D4-49ED-B7FF-9D0A109B3F58}
	EndGlobalSection
EndGlobal
